Microsoft Visual Studio Solution File, Format Version 12.00
# Visual Studio Version 17
VisualStudioVersion = 17.5.2.0
MinimumVisualStudioVersion = 10.0.40219.1
Project("{2150E333-8FDC-42A3-9474-1A3956D46DE8}") = "cs", "cs", "{043C5643-8786-2C14-4347-0E27D1FB2DA7}"
EndProject
Project("{FAE04EC0-301F-11D3-BF4B-00C04F79EFBC}") = "First code", "cs\First code\First code.csproj", "{1E273331-C7A1-82E5-1FB7-8433D7270E99}"
EndProject
Global
	GlobalSection(SolutionConfigurationPlatforms) = preSolution
		Debug|Any CPU = Debug|Any CPU
		Release|Any CPU = Release|Any CPU
	EndGlobalSection
	GlobalSection(ProjectConfigurationPlatforms) = postSolution
		{1E273331-C7A1-82E5-1FB7-8433D7270E99}.Debug|Any CPU.ActiveCfg = Debug|Any CPU
		{1E273331-C7A1-82E5-1FB7-8433D7270E99}.Debug|Any CPU.Build.0 = Debug|Any CPU
		{1E273331-C7A1-82E5-1FB7-8433D7270E99}.Release|Any CPU.ActiveCfg = Release|Any CPU
		{1E273331-C7A1-82E5-1FB7-8433D7270E99}.Release|Any CPU.Build.0 = Release|Any CPU
	EndGlobalSection
	GlobalSection(SolutionProperties) = preSolution
		HideSolutionNode = FALSE
	EndGlobalSection
	GlobalSection(NestedProjects) = preSolution
		{1E273331-C7A1-82E5-1FB7-8433D7270E99} = {043C5643-8786-2C14-4347-0E27D1FB2DA7}
	EndGlobalSection
	GlobalSection(ExtensibilityGlobals) = postSolution
		SolutionGuid = {1491FA20-C2C9-4D0E-9E1A-0781744B2470}
	EndGlobalSection
EndGlobal
